{
  "name": "commando-provider-sequelize",
  "version": "1.0.0",
  "lockfileVersion": 1,
  "requires": true,
  "dependencies": {
    "common-tags": {
      "version": "1.8.0",
      "resolved": "https://registry.npmjs.org/common-tags/-/common-tags-1.8.0.tgz",
      "integrity": "sha512-6P6g0uetGpW/sdyUy/iQQCbFF0kWVMSIVSyYz7Zgjcgh8mgw8PQzDNZeyZ5DQ2gM7LBoZPHmnjz8rUthkBG5tw=="
    },
    "discord.js-commando": {
      "version": "github:discordjs/commando#47a3806ec67bcc6af7c3488e590d64fdd23fb19f",
      "from": "github:discordjs/commando",
      "requires": {
        "common-tags": "^1.8.0",
        "require-all": "^3.0.0"
      }
    },
    "require-all": {
      "version": "3.0.0",
      "resolved": "https://registry.npmjs.org/require-all/-/require-all-3.0.0.tgz",
      "integrity": "sha1-Rz1JcEvjEBFc4ST3c4Ox69hnExI="
    }
  }
}
